<?xml version="1.0" encoding="utf-8"?>
<Project ToolsVersion="4.0" xmlns="http://schemas.microsoft.com/developer/msbuild/2003">
  <ItemGroup>
    <Filter Include="src">
      <UniqueIdentifier>{e3ece99f-09b0-4fcd-9c8c-0b443445b514}</UniqueIdentifier>
    </Filter>
  </ItemGroup>
  <ItemGroup>
    <ClCompile Include="..\Deps\GamePlay-deps-3.0.0\glew-2.0.0\src\glew.c">
      <Filter>src</Filter>
    </ClCompile>
  </ItemGroup>
</Project>